
Microsoft Visual Studio Solution File, Format Version 11.00
# Visual Studio 2010
Project("{FAE04EC0-301F-11D3-BF4B-00C04F79EFBC}") = "Assembly-CSharp", "Assembly-CSharp.csproj", "{9C8601C7-BE4B-BB4F-FFD4-67D3E811EF55}"
EndProject
Project("{FAE04EC0-301F-11D3-BF4B-00C04F79EFBC}") = "Assembly-CSharp-Editor", "Assembly-CSharp-Editor.csproj", "{CC353011-4FC7-621C-DBA6-ED0C77DCC0F4}"
EndProject
Global
	GlobalSection(SolutionConfigurationPlatforms) = preSolution
		Debug|Any CPU = Debug|Any CPU
		Release|Any CPU = Release|Any CPU
	EndGlobalSection
	GlobalSection(ProjectConfigurationPlatforms) = postSolution
		{9C8601C7-BE4B-BB4F-FFD4-67D3E811EF55}.Debug|Any CPU.ActiveCfg = Debug|Any CPU
		{9C8601C7-BE4B-BB4F-FFD4-67D3E811EF55}.Debug|Any CPU.Build.0 = Debug|Any CPU
		{9C8601C7-BE4B-BB4F-FFD4-67D3E811EF55}.Release|Any CPU.ActiveCfg = Release|Any CPU
		{9C8601C7-BE4B-BB4F-FFD4-67D3E811EF55}.Release|Any CPU.Build.0 = Release|Any CPU
		{CC353011-4FC7-621C-DBA6-ED0C77DCC0F4}.Debug|Any CPU.ActiveCfg = Debug|Any CPU
		{CC353011-4FC7-621C-DBA6-ED0C77DCC0F4}.Debug|Any CPU.Build.0 = Debug|Any CPU
		{CC353011-4FC7-621C-DBA6-ED0C77DCC0F4}.Release|Any CPU.ActiveCfg = Release|Any CPU
		{CC353011-4FC7-621C-DBA6-ED0C77DCC0F4}.Release|Any CPU.Build.0 = Release|Any CPU
	EndGlobalSection
	GlobalSection(SolutionProperties) = preSolution
		HideSolutionNode = FALSE
	EndGlobalSection
	GlobalSection(MonoDevelopProperties) = preSolution
		StartupItem = Assembly-CSharp.csproj
	EndGlobalSection
EndGlobal
